
Microsoft Visual Studio Solution File, Format Version 12.00
# Visual Studio Version 17
VisualStudioVersion = 17.4.33213.308
MinimumVisualStudioVersion = 10.0.40219.1
Project("{FAE04EC0-301F-11D3-BF4B-00C04F79EFBC}") = "EY.Entities", "EY.Entities\EY.Entities.csproj", "{6C24F6DB-7452-4728-8E83-00DA3E595582}"
EndProject
Project("{FAE04EC0-301F-11D3-BF4B-00C04F79EFBC}") = "EY.Business", "EY.Business\EY.Business.csproj", "{84415754-2EDF-483F-B122-BB1D9FA61038}"
EndProject
Project("{FAE04EC0-301F-11D3-BF4B-00C04F79EFBC}") = "EY.WebAPI", "EY.WebAPI\EY.WebAPI.csproj", "{23DAA565-E73F-480B-908C-6CAB02FC7D45}"
EndProject
Project("{FAE04EC0-301F-11D3-BF4B-00C04F79EFBC}") = "EY.Core", "EY.Core\EY.Core.csproj", "{BCF56D2A-8AE8-45DA-ACC6-E685BDB0C2E2}"
EndProject
Project("{FAE04EC0-301F-11D3-BF4B-00C04F79EFBC}") = "EY.DataAccess", "EY.DataAccess\EY.DataAccess.csproj", "{16F9EC4B-9E0D-449A-9A6B-F6531168345C}"
EndProject
Global
	GlobalSection(SolutionConfigurationPlatforms) = preSolution
		Debug|Any CPU = Debug|Any CPU
		Release|Any CPU = Release|Any CPU
	EndGlobalSection
	GlobalSection(ProjectConfigurationPlatforms) = postSolution
		{6C24F6DB-7452-4728-8E83-00DA3E595582}.Debug|Any CPU.ActiveCfg = Debug|Any CPU
		{6C24F6DB-7452-4728-8E83-00DA3E595582}.Debug|Any CPU.Build.0 = Debug|Any CPU
		{6C24F6DB-7452-4728-8E83-00DA3E595582}.Release|Any CPU.ActiveCfg = Release|Any CPU
		{6C24F6DB-7452-4728-8E83-00DA3E595582}.Release|Any CPU.Build.0 = Release|Any CPU
		{84415754-2EDF-483F-B122-BB1D9FA61038}.Debug|Any CPU.ActiveCfg = Debug|Any CPU
		{84415754-2EDF-483F-B122-BB1D9FA61038}.Debug|Any CPU.Build.0 = Debug|Any CPU
		{84415754-2EDF-483F-B122-BB1D9FA61038}.Release|Any CPU.ActiveCfg = Release|Any CPU
		{84415754-2EDF-483F-B122-BB1D9FA61038}.Release|Any CPU.Build.0 = Release|Any CPU
		{23DAA565-E73F-480B-908C-6CAB02FC7D45}.Debug|Any CPU.ActiveCfg = Debug|Any CPU
		{23DAA565-E73F-480B-908C-6CAB02FC7D45}.Debug|Any CPU.Build.0 = Debug|Any CPU
		{23DAA565-E73F-480B-908C-6CAB02FC7D45}.Release|Any CPU.ActiveCfg = Release|Any CPU
		{23DAA565-E73F-480B-908C-6CAB02FC7D45}.Release|Any CPU.Build.0 = Release|Any CPU
		{BCF56D2A-8AE8-45DA-ACC6-E685BDB0C2E2}.Debug|Any CPU.ActiveCfg = Debug|Any CPU
		{BCF56D2A-8AE8-45DA-ACC6-E685BDB0C2E2}.Debug|Any CPU.Build.0 = Debug|Any CPU
		{BCF56D2A-8AE8-45DA-ACC6-E685BDB0C2E2}.Release|Any CPU.ActiveCfg = Release|Any CPU
		{BCF56D2A-8AE8-45DA-ACC6-E685BDB0C2E2}.Release|Any CPU.Build.0 = Release|Any CPU
		{16F9EC4B-9E0D-449A-9A6B-F6531168345C}.Debug|Any CPU.ActiveCfg = Debug|Any CPU
		{16F9EC4B-9E0D-449A-9A6B-F6531168345C}.Debug|Any CPU.Build.0 = Debug|Any CPU
		{16F9EC4B-9E0D-449A-9A6B-F6531168345C}.Release|Any CPU.ActiveCfg = Release|Any CPU
		{16F9EC4B-9E0D-449A-9A6B-F6531168345C}.Release|Any CPU.Build.0 = Release|Any CPU
	EndGlobalSection
	GlobalSection(SolutionProperties) = preSolution
		HideSolutionNode = FALSE
	EndGlobalSection
	GlobalSection(ExtensibilityGlobals) = postSolution
		SolutionGuid = {6CD117C5-C5DF-482C-8562-A5E1D4839D84}
	EndGlobalSection
EndGlobal
